
Microsoft Visual Studio Solution File, Format Version 12.00
# Visual Studio Version 16
VisualStudioVersion = 16.0.31402.337
MinimumVisualStudioVersion = 10.0.40219.1
Project("{9A19103F-16F7-4668-BE54-9A1E7A4F7556}") = "FancySharp", "FancySharp\FancySharp.csproj", "{863D9637-9590-4B4E-BD47-9C532D7AC592}"
EndProject
Project("{FAE04EC0-301F-11D3-BF4B-00C04F79EFBC}") = "TopLevelExample", "TopLevelExample\TopLevelExample.csproj", "{86D88F55-D8AC-4D0E-A0CE-107933C2CCB7}"
EndProject
Global
	GlobalSection(SolutionConfigurationPlatforms) = preSolution
		Debug|Any CPU = Debug|Any CPU
		Release|Any CPU = Release|Any CPU
	EndGlobalSection
	GlobalSection(ProjectConfigurationPlatforms) = postSolution
		{863D9637-9590-4B4E-BD47-9C532D7AC592}.Debug|Any CPU.ActiveCfg = Debug|Any CPU
		{863D9637-9590-4B4E-BD47-9C532D7AC592}.Debug|Any CPU.Build.0 = Debug|Any CPU
		{863D9637-9590-4B4E-BD47-9C532D7AC592}.Release|Any CPU.ActiveCfg = Release|Any CPU
		{863D9637-9590-4B4E-BD47-9C532D7AC592}.Release|Any CPU.Build.0 = Release|Any CPU
		{86D88F55-D8AC-4D0E-A0CE-107933C2CCB7}.Debug|Any CPU.ActiveCfg = Debug|Any CPU
		{86D88F55-D8AC-4D0E-A0CE-107933C2CCB7}.Debug|Any CPU.Build.0 = Debug|Any CPU
		{86D88F55-D8AC-4D0E-A0CE-107933C2CCB7}.Release|Any CPU.ActiveCfg = Release|Any CPU
		{86D88F55-D8AC-4D0E-A0CE-107933C2CCB7}.Release|Any CPU.Build.0 = Release|Any CPU
	EndGlobalSection
	GlobalSection(SolutionProperties) = preSolution
		HideSolutionNode = FALSE
	EndGlobalSection
	GlobalSection(ExtensibilityGlobals) = postSolution
		SolutionGuid = {0526C553-FC00-49ED-860F-B72C6D6F2B96}
	EndGlobalSection
EndGlobal
